
Microsoft Visual Studio Solution File, Format Version 12.00
# Visual Studio Version 16
VisualStudioVersion = 16.0.30907.101
MinimumVisualStudioVersion = 10.0.40219.1
Project("{9A19103F-16F7-4668-BE54-9A1E7A4F7556}") = "ConsoleApp", "ConsoleApp\ConsoleApp.csproj", "{2E4BE910-1C2C-4852-BD54-43BB749434F0}"
EndProject
Project("{9A19103F-16F7-4668-BE54-9A1E7A4F7556}") = "Ladeskabsystem", "Ladeskabsystem\Ladeskabsystem.csproj", "{4CE51BDD-E664-4BDE-8DB6-C35E913D83EB}"
EndProject
Project("{9A19103F-16F7-4668-BE54-9A1E7A4F7556}") = "Ladeskabssystem.Test.Unit", "Ladeskabssystem.Test.Unit\Ladeskabssystem.Test.Unit.csproj", "{BE464A20-89CF-41E8-93D4-C018CACBA7B4}"
EndProject
Global
	GlobalSection(SolutionConfigurationPlatforms) = preSolution
		Debug|Any CPU = Debug|Any CPU
		Release|Any CPU = Release|Any CPU
	EndGlobalSection
	GlobalSection(ProjectConfigurationPlatforms) = postSolution
		{2E4BE910-1C2C-4852-BD54-43BB749434F0}.Debug|Any CPU.ActiveCfg = Debug|Any CPU
		{2E4BE910-1C2C-4852-BD54-43BB749434F0}.Debug|Any CPU.Build.0 = Debug|Any CPU
		{2E4BE910-1C2C-4852-BD54-43BB749434F0}.Release|Any CPU.ActiveCfg = Release|Any CPU
		{2E4BE910-1C2C-4852-BD54-43BB749434F0}.Release|Any CPU.Build.0 = Release|Any CPU
		{4CE51BDD-E664-4BDE-8DB6-C35E913D83EB}.Debug|Any CPU.ActiveCfg = Debug|Any CPU
		{4CE51BDD-E664-4BDE-8DB6-C35E913D83EB}.Debug|Any CPU.Build.0 = Debug|Any CPU
		{4CE51BDD-E664-4BDE-8DB6-C35E913D83EB}.Release|Any CPU.ActiveCfg = Release|Any CPU
		{4CE51BDD-E664-4BDE-8DB6-C35E913D83EB}.Release|Any CPU.Build.0 = Release|Any CPU
		{BE464A20-89CF-41E8-93D4-C018CACBA7B4}.Debug|Any CPU.ActiveCfg = Debug|Any CPU
		{BE464A20-89CF-41E8-93D4-C018CACBA7B4}.Debug|Any CPU.Build.0 = Debug|Any CPU
		{BE464A20-89CF-41E8-93D4-C018CACBA7B4}.Release|Any CPU.ActiveCfg = Release|Any CPU
		{BE464A20-89CF-41E8-93D4-C018CACBA7B4}.Release|Any CPU.Build.0 = Release|Any CPU
	EndGlobalSection
	GlobalSection(SolutionProperties) = preSolution
		HideSolutionNode = FALSE
	EndGlobalSection
	GlobalSection(ExtensibilityGlobals) = postSolution
		SolutionGuid = {0D79CCAE-96B2-41A4-9D65-7ABEC6AA1150}
	EndGlobalSection
EndGlobal
